
Microsoft Visual Studio Solution File, Format Version 12.00
# Visual Studio Version 16
VisualStudioVersion = 16.0.30621.155
MinimumVisualStudioVersion = 10.0.40219.1
Project("{FAE04EC0-301F-11D3-BF4B-00C04F79EFBC}") = "Domain", "Domain\Domain.csproj", "{FE244BC5-8918-4E25-8AD2-C1792908E68F}"
EndProject
Project("{FAE04EC0-301F-11D3-BF4B-00C04F79EFBC}") = "UnitTests", "UnitTests\UnitTests.csproj", "{32BD4458-B554-4F47-A5C7-EE5E3632E822}"
EndProject
Global
	GlobalSection(SolutionConfigurationPlatforms) = preSolution
		Debug|Any CPU = Debug|Any CPU
		Release|Any CPU = Release|Any CPU
	EndGlobalSection
	GlobalSection(ProjectConfigurationPlatforms) = postSolution
		{FE244BC5-8918-4E25-8AD2-C1792908E68F}.Debug|Any CPU.ActiveCfg = Debug|Any CPU
		{FE244BC5-8918-4E25-8AD2-C1792908E68F}.Debug|Any CPU.Build.0 = Debug|Any CPU
		{FE244BC5-8918-4E25-8AD2-C1792908E68F}.Release|Any CPU.ActiveCfg = Release|Any CPU
		{FE244BC5-8918-4E25-8AD2-C1792908E68F}.Release|Any CPU.Build.0 = Release|Any CPU
		{32BD4458-B554-4F47-A5C7-EE5E3632E822}.Debug|Any CPU.ActiveCfg = Debug|Any CPU
		{32BD4458-B554-4F47-A5C7-EE5E3632E822}.Debug|Any CPU.Build.0 = Debug|Any CPU
		{32BD4458-B554-4F47-A5C7-EE5E3632E822}.Release|Any CPU.ActiveCfg = Release|Any CPU
		{32BD4458-B554-4F47-A5C7-EE5E3632E822}.Release|Any CPU.Build.0 = Release|Any CPU
	EndGlobalSection
	GlobalSection(SolutionProperties) = preSolution
		HideSolutionNode = FALSE
	EndGlobalSection
	GlobalSection(ExtensibilityGlobals) = postSolution
		SolutionGuid = {90659804-2F01-48B7-8B3A-B012553B0525}
	EndGlobalSection
EndGlobal
